
Microsoft Visual Studio Solution File, Format Version 12.00
Project("{FAE04EC0-301F-11D3-BF4B-00C04F79EFBC}") = "SampleApp", "SampleApp\SampleApp.csproj", "{31B27784-0D94-4E26-9AA1-1BFE18B1CF82}"
EndProject
Project("{FAE04EC0-301F-11D3-BF4B-00C04F79EFBC}") = "SampleApp.Common", "SampleApp.Common\SampleApp.Common.csproj", "{BAA04BB8-95DF-43B7-8098-262B3BD887FE}"
EndProject
Global
	GlobalSection(SolutionConfigurationPlatforms) = preSolution
		Debug|Any CPU = Debug|Any CPU
		Release|Any CPU = Release|Any CPU
	EndGlobalSection
	GlobalSection(ProjectConfigurationPlatforms) = postSolution
		{31B27784-0D94-4E26-9AA1-1BFE18B1CF82}.Debug|Any CPU.ActiveCfg = Debug|Any CPU
		{31B27784-0D94-4E26-9AA1-1BFE18B1CF82}.Debug|Any CPU.Build.0 = Debug|Any CPU
		{31B27784-0D94-4E26-9AA1-1BFE18B1CF82}.Release|Any CPU.ActiveCfg = Release|Any CPU
		{31B27784-0D94-4E26-9AA1-1BFE18B1CF82}.Release|Any CPU.Build.0 = Release|Any CPU
		{BAA04BB8-95DF-43B7-8098-262B3BD887FE}.Debug|Any CPU.ActiveCfg = Debug|Any CPU
		{BAA04BB8-95DF-43B7-8098-262B3BD887FE}.Debug|Any CPU.Build.0 = Debug|Any CPU
		{BAA04BB8-95DF-43B7-8098-262B3BD887FE}.Release|Any CPU.ActiveCfg = Release|Any CPU
		{BAA04BB8-95DF-43B7-8098-262B3BD887FE}.Release|Any CPU.Build.0 = Release|Any CPU
	EndGlobalSection
EndGlobal
